
Microsoft Visual Studio Solution File, Format Version 12.00
# Visual Studio Version 17
VisualStudioVersion = 17.9.34728.123
MinimumVisualStudioVersion = 10.0.40219.1
Project("{FAE04EC0-301F-11D3-BF4B-00C04F79EFBC}") = "SalesWebMVC", "SalesWebMVC\SalesWebMVC.csproj", "{599CB4BD-69C4-4B0C-8F84-286098381308}"
EndProject
Global
	GlobalSection(SolutionConfigurationPlatforms) = preSolution
		Debug|Any CPU = Debug|Any CPU
		Release|Any CPU = Release|Any CPU
	EndGlobalSection
	GlobalSection(ProjectConfigurationPlatforms) = postSolution
		{599CB4BD-69C4-4B0C-8F84-286098381308}.Debug|Any CPU.ActiveCfg = Debug|Any CPU
		{599CB4BD-69C4-4B0C-8F84-286098381308}.Debug|Any CPU.Build.0 = Debug|Any CPU
		{599CB4BD-69C4-4B0C-8F84-286098381308}.Release|Any CPU.ActiveCfg = Release|Any CPU
		{599CB4BD-69C4-4B0C-8F84-286098381308}.Release|Any CPU.Build.0 = Release|Any CPU
	EndGlobalSection
	GlobalSection(SolutionProperties) = preSolution
		HideSolutionNode = FALSE
	EndGlobalSection
	GlobalSection(ExtensibilityGlobals) = postSolution
		SolutionGuid = {2E487750-2180-49B5-B5DF-01F0B7C9624B}
	EndGlobalSection
EndGlobal
